# THIS IS AN AUTOGENERATED FILE. DO NOT EDIT THIS FILE DIRECTLY.
# yarn lockfile v1
"@types/lodash.get":
  version "4.4.2"
  resolved "https://registry.yarnpkg.com/@types/lodash.get/-/lodash.get-4.4.2.tgz#24d03d099d9df65656b724c38c616147ff7e2b13"
  dependencies:
    "@types/lodash" "*"

"@types/lodash.set":
  version "4.3.2"
  resolved "https://registry.yarnpkg.com/@types/lodash.set/-/lodash.set-4.3.2.tgz#ad68cf88cb7bc12c0ada134bd4b805188953fe7b"
  dependencies:
    "@types/lodash" "*"

"@types/lodash@*":
  version "4.14.57"
  resolved "https://registry.yarnpkg.com/@types/lodash/-/lodash-4.14.57.tgz#f0095fb15ec1004455613f3ad73766583e62f830"

fuse.js@^2.0.0:
  version "2.6.2"
  resolved "https://registry.yarnpkg.com/fuse.js/-/fuse.js-2.6.2.tgz#d5d994fda96f543b5a51df38b72cec9cc60d9dea"

lodash.get:
  version "4.4.2"
  resolved "https://registry.yarnpkg.com/lodash.get/-/lodash.get-4.4.2.tgz#2d177f652fa31e939b4438d5341499dfa3825e99"

lodash.set:
  version "4.3.2"
  resolved "https://registry.yarnpkg.com/lodash.set/-/lodash.set-4.3.2.tgz#d8757b1da807dde24816b0d6a84bea1a76230b23"

